
Microsoft Visual Studio Solution File, Format Version 11.00
# Visual Studio 2010
Project("{FAE04EC0-301F-11D3-BF4B-00C04F79EFBC}") = "01. OddOrEven", "1. OddOrEven\01. OddOrEven.csproj", "{AB1470B3-C799-4A3F-9B48-4DFF45980CFF}"
EndProject
Project("{FAE04EC0-301F-11D3-BF4B-00C04F79EFBC}") = "02. DoubleDivided", "2. DoubleDividet\02. DoubleDivided.csproj", "{B6F1DD90-0776-432C-B859-563E31235A86}"
EndProject
Project("{FAE04EC0-301F-11D3-BF4B-00C04F79EFBC}") = "03. RectangleArea", "3. RectangleArea\03. RectangleArea.csproj", "{4FA5ADA1-DBF1-4DB0-B173-B8F351E98BD9}"
EndProject
Project("{FAE04EC0-301F-11D3-BF4B-00C04F79EFBC}") = "04. FindDigitInNumber", "4. FindDigitInNumber\04. FindDigitInNumber.csproj", "{E63C31E3-8AB4-4225-951F-7248CA74D7BC}"
EndProject
Project("{FAE04EC0-301F-11D3-BF4B-00C04F79EFBC}") = "05. CountingBitNumber", "5. CountingBitNumber\05. CountingBitNumber.csproj", "{3D5DF922-DC85-47C9-81F3-9DD4F85D581D}"
EndProject
Project("{FAE04EC0-301F-11D3-BF4B-00C04F79EFBC}") = "06. ChecksCircle", "6. ChecksCircle\06. ChecksCircle.csproj", "{387D9F3C-4718-4F58-8713-6EA462894DDC}"
EndProject
Project("{FAE04EC0-301F-11D3-BF4B-00C04F79EFBC}") = "08. TrapezoidArea", "8. TrapezoidArea\08. TrapezoidArea.csproj", "{35F87E93-178E-4A82-B407-5A6894A9652F}"
EndProject
Project("{FAE04EC0-301F-11D3-BF4B-00C04F79EFBC}") = "09. CircleAndRectangul", "9. CircleAndRectangul\09. CircleAndRectangul.csproj", "{5A6E5793-BF1D-45CB-9F22-B743C0A95C03}"
EndProject
Project("{FAE04EC0-301F-11D3-BF4B-00C04F79EFBC}") = "10. FindingBits", "10. FindingBits\10. FindingBits.csproj", "{0403643D-14AA-42D7-B57E-7D821E974300}"
EndProject
Project("{FAE04EC0-301F-11D3-BF4B-00C04F79EFBC}") = "12. AddNumber", "12. AddNumber\12. AddNumber.csproj", "{403232FD-CF65-42D2-A566-8B2E884F8812}"
EndProject
Project("{FAE04EC0-301F-11D3-BF4B-00C04F79EFBC}") = "07. PrimeNumbers", "7. PrimeNumbers\07. PrimeNumbers.csproj", "{A260626B-0F21-4F88-BE45-3297EC975C73}"
EndProject
Project("{FAE04EC0-301F-11D3-BF4B-00C04F79EFBC}") = "13. ChangeBits", "13. ChangeBits\13. ChangeBits.csproj", "{35CDFA72-F5B7-4752-9EBE-D1BB0CFF49B9}"
EndProject
Project("{FAE04EC0-301F-11D3-BF4B-00C04F79EFBC}") = "14. ChangeBitLikeArray", "14. ChangeBitLikeArray\14. ChangeBitLikeArray.csproj", "{828145C5-59F7-41D4-A3E0-3CDAA6BFAD55}"
EndProject
Global
	GlobalSection(SolutionConfigurationPlatforms) = preSolution
		Debug|x86 = Debug|x86
		Release|x86 = Release|x86
	EndGlobalSection
	GlobalSection(ProjectConfigurationPlatforms) = postSolution
		{AB1470B3-C799-4A3F-9B48-4DFF45980CFF}.Debug|x86.ActiveCfg = Debug|x86
		{AB1470B3-C799-4A3F-9B48-4DFF45980CFF}.Debug|x86.Build.0 = Debug|x86
		{AB1470B3-C799-4A3F-9B48-4DFF45980CFF}.Release|x86.ActiveCfg = Release|x86
		{AB1470B3-C799-4A3F-9B48-4DFF45980CFF}.Release|x86.Build.0 = Release|x86
		{B6F1DD90-0776-432C-B859-563E31235A86}.Debug|x86.ActiveCfg = Debug|x86
		{B6F1DD90-0776-432C-B859-563E31235A86}.Debug|x86.Build.0 = Debug|x86
		{B6F1DD90-0776-432C-B859-563E31235A86}.Release|x86.ActiveCfg = Release|x86
		{B6F1DD90-0776-432C-B859-563E31235A86}.Release|x86.Build.0 = Release|x86
		{4FA5ADA1-DBF1-4DB0-B173-B8F351E98BD9}.Debug|x86.ActiveCfg = Debug|x86
		{4FA5ADA1-DBF1-4DB0-B173-B8F351E98BD9}.Debug|x86.Build.0 = Debug|x86
		{4FA5ADA1-DBF1-4DB0-B173-B8F351E98BD9}.Release|x86.ActiveCfg = Release|x86
		{4FA5ADA1-DBF1-4DB0-B173-B8F351E98BD9}.Release|x86.Build.0 = Release|x86
		{E63C31E3-8AB4-4225-951F-7248CA74D7BC}.Debug|x86.ActiveCfg = Debug|x86
		{E63C31E3-8AB4-4225-951F-7248CA74D7BC}.Debug|x86.Build.0 = Debug|x86
		{E63C31E3-8AB4-4225-951F-7248CA74D7BC}.Release|x86.ActiveCfg = Release|x86
		{E63C31E3-8AB4-4225-951F-7248CA74D7BC}.Release|x86.Build.0 = Release|x86
		{3D5DF922-DC85-47C9-81F3-9DD4F85D581D}.Debug|x86.ActiveCfg = Debug|x86
		{3D5DF922-DC85-47C9-81F3-9DD4F85D581D}.Debug|x86.Build.0 = Debug|x86
		{3D5DF922-DC85-47C9-81F3-9DD4F85D581D}.Release|x86.ActiveCfg = Release|x86
		{3D5DF922-DC85-47C9-81F3-9DD4F85D581D}.Release|x86.Build.0 = Release|x86
		{387D9F3C-4718-4F58-8713-6EA462894DDC}.Debug|x86.ActiveCfg = Debug|x86
		{387D9F3C-4718-4F58-8713-6EA462894DDC}.Debug|x86.Build.0 = Debug|x86
		{387D9F3C-4718-4F58-8713-6EA462894DDC}.Release|x86.ActiveCfg = Release|x86
		{387D9F3C-4718-4F58-8713-6EA462894DDC}.Release|x86.Build.0 = Release|x86
		{35F87E93-178E-4A82-B407-5A6894A9652F}.Debug|x86.ActiveCfg = Debug|x86
		{35F87E93-178E-4A82-B407-5A6894A9652F}.Debug|x86.Build.0 = Debug|x86
		{35F87E93-178E-4A82-B407-5A6894A9652F}.Release|x86.ActiveCfg = Release|x86
		{35F87E93-178E-4A82-B407-5A6894A9652F}.Release|x86.Build.0 = Release|x86
		{5A6E5793-BF1D-45CB-9F22-B743C0A95C03}.Debug|x86.ActiveCfg = Debug|x86
		{5A6E5793-BF1D-45CB-9F22-B743C0A95C03}.Debug|x86.Build.0 = Debug|x86
		{5A6E5793-BF1D-45CB-9F22-B743C0A95C03}.Release|x86.ActiveCfg = Release|x86
		{5A6E5793-BF1D-45CB-9F22-B743C0A95C03}.Release|x86.Build.0 = Release|x86
		{0403643D-14AA-42D7-B57E-7D821E974300}.Debug|x86.ActiveCfg = Debug|x86
		{0403643D-14AA-42D7-B57E-7D821E974300}.Debug|x86.Build.0 = Debug|x86
		{0403643D-14AA-42D7-B57E-7D821E974300}.Release|x86.ActiveCfg = Release|x86
		{0403643D-14AA-42D7-B57E-7D821E974300}.Release|x86.Build.0 = Release|x86
		{403232FD-CF65-42D2-A566-8B2E884F8812}.Debug|x86.ActiveCfg = Debug|x86
		{403232FD-CF65-42D2-A566-8B2E884F8812}.Debug|x86.Build.0 = Debug|x86
		{403232FD-CF65-42D2-A566-8B2E884F8812}.Release|x86.ActiveCfg = Release|x86
		{403232FD-CF65-42D2-A566-8B2E884F8812}.Release|x86.Build.0 = Release|x86
		{A260626B-0F21-4F88-BE45-3297EC975C73}.Debug|x86.ActiveCfg = Debug|x86
		{A260626B-0F21-4F88-BE45-3297EC975C73}.Debug|x86.Build.0 = Debug|x86
		{A260626B-0F21-4F88-BE45-3297EC975C73}.Release|x86.ActiveCfg = Release|x86
		{A260626B-0F21-4F88-BE45-3297EC975C73}.Release|x86.Build.0 = Release|x86
		{35CDFA72-F5B7-4752-9EBE-D1BB0CFF49B9}.Debug|x86.ActiveCfg = Debug|x86
		{35CDFA72-F5B7-4752-9EBE-D1BB0CFF49B9}.Debug|x86.Build.0 = Debug|x86
		{35CDFA72-F5B7-4752-9EBE-D1BB0CFF49B9}.Release|x86.ActiveCfg = Release|x86
		{35CDFA72-F5B7-4752-9EBE-D1BB0CFF49B9}.Release|x86.Build.0 = Release|x86
		{828145C5-59F7-41D4-A3E0-3CDAA6BFAD55}.Debug|x86.ActiveCfg = Debug|x86
		{828145C5-59F7-41D4-A3E0-3CDAA6BFAD55}.Debug|x86.Build.0 = Debug|x86
		{828145C5-59F7-41D4-A3E0-3CDAA6BFAD55}.Release|x86.ActiveCfg = Release|x86
		{828145C5-59F7-41D4-A3E0-3CDAA6BFAD55}.Release|x86.Build.0 = Release|x86
	EndGlobalSection
	GlobalSection(SolutionProperties) = preSolution
		HideSolutionNode = FALSE
	EndGlobalSection
EndGlobal
